
Microsoft Visual Studio Solution File, Format Version 12.00
# Visual Studio 15
VisualStudioVersion = 15.0.28307.1000
MinimumVisualStudioVersion = 10.0.40219.1
Project("{FAE04EC0-301F-11D3-BF4B-00C04F79EFBC}") = "WorkBench", "WorkBench\WorkBench.csproj", "{B4BEAA90-07C5-4249-B6BE-380996159291}"
EndProject
Global
	GlobalSection(SolutionConfigurationPlatforms) = preSolution
		Debug|Any CPU = Debug|Any CPU
		Release|Any CPU = Release|Any CPU
	EndGlobalSection
	GlobalSection(ProjectConfigurationPlatforms) = postSolution
		{B4BEAA90-07C5-4249-B6BE-380996159291}.Debug|Any CPU.ActiveCfg = Debug|Any CPU
		{B4BEAA90-07C5-4249-B6BE-380996159291}.Debug|Any CPU.Build.0 = Debug|Any CPU
		{B4BEAA90-07C5-4249-B6BE-380996159291}.Release|Any CPU.ActiveCfg = Release|Any CPU
		{B4BEAA90-07C5-4249-B6BE-380996159291}.Release|Any CPU.Build.0 = Release|Any CPU
	EndGlobalSection
	GlobalSection(SolutionProperties) = preSolution
		HideSolutionNode = FALSE
	EndGlobalSection
	GlobalSection(ExtensibilityGlobals) = postSolution
		SolutionGuid = {94687287-E2F7-4B52-8C84-C8B40C4E2429}
	EndGlobalSection
EndGlobal
